// !$*UTF8*$!
{
	archiveVersion = 1;
	classes = {
	};
	objectVersion = 46;
	objects = {

/* Begin PBXBuildFile section */
		D1AB95701A58E38400877FB2 /* AppDelegate.swift in Sources */ = {isa = PBXBuildFile; fileRef = D1AB956F1A58E38400877FB2 /* AppDelegate.swift */; };
		D1AB95721A58E38400877FB2 /* ViewController.swift in Sources */ = {isa = PBXBuildFile; fileRef = D1AB95711A58E38400877FB2 /* ViewController.swift */; };
		D1AB95751A58E38400877FB2 /* Main.storyboard in Resources */ = {isa = PBXBuildFile; fileRef = D1AB95731A58E38400877FB2 /* Main.storyboard */; };
		D1AB95771A58E38400877FB2 /* Images.xcassets in Resources */ = {isa = PBXBuildFile; fileRef = D1AB95761A58E38400877FB2 /* Images.xcassets */; };
		D1AB95861A58E38400877FB2 /* Lions_TigersTests.swift in Sources */ = {isa = PBXBuildFile; fileRef = D1AB95851A58E38400877FB2 /* Lions_TigersTests.swift */; };
		D1AB95901A58E3EA00877FB2 /* Tiger.swift in Sources */ = {isa = PBXBuildFile; fileRef = D1AB958F1A58E3EA00877FB2 /* Tiger.swift */; };
		D1AB959A1A58E46200877FB2 /* BengalTiger.jpg in Resources */ = {isa = PBXBuildFile; fileRef = D1AB95921A58E46200877FB2 /* BengalTiger.jpg */; };
		D1AB959B1A58E46200877FB2 /* IndochineseTiger.jpg in Resources */ = {isa = PBXBuildFile; fileRef = D1AB95931A58E46200877FB2 /* IndochineseTiger.jpg */; };
		D1AB959C1A58E46200877FB2 /* Lion.jpg in Resources */ = {isa = PBXBuildFile; fileRef = D1AB95941A58E46200877FB2 /* Lion.jpg */; };
		D1AB959D1A58E46200877FB2 /* LionCub1.jpg in Resources */ = {isa = PBXBuildFile; fileRef = D1AB95951A58E46200877FB2 /* LionCub1.jpg */; };
		D1AB959E1A58E46200877FB2 /* LionCub2.jpeg in Resources */ = {isa = PBXBuildFile; fileRef = D1AB95961A58E46200877FB2 /* LionCub2.jpeg */; };
		D1AB959F1A58E46200877FB2 /* Lioness.jpeg in Resources */ = {isa = PBXBuildFile; fileRef = D1AB95971A58E46200877FB2 /* Lioness.jpeg */; };
		D1AB95A01A58E46200877FB2 /* MalayanTiger.jpg in Resources */ = {isa = PBXBuildFile; fileRef = D1AB95981A58E46200877FB2 /* MalayanTiger.jpg */; };
		D1AB95A11A58E46200877FB2 /* SiberianTiger.jpg in Resources */ = {isa = PBXBuildFile; fileRef = D1AB95991A58E46200877FB2 /* SiberianTiger.jpg */; };
		D1AB95A31A58EAD500877FB2 /* LaunchScreen.xib in Resources */ = {isa = PBXBuildFile; fileRef = D1AB95A21A58EAD500877FB2 /* LaunchScreen.xib */; };
		D1AB95A51A58F5AB00877FB2 /* Lion.swift in Sources */ = {isa = PBXBuildFile; fileRef = D1AB95A41A58F5AA00877FB2 /* Lion.swift */; };
		D1CA4B2A1A5A1F3600E8DC63 /* LionCub.swift in Sources */ = {isa = PBXBuildFile; fileRef = D1CA4B291A5A1F3600E8DC63 /* LionCub.swift */; };
/* End PBXBuildFile section */

/* Begin PBXContainerItemProxy section */
		D1AB95801A58E38400877FB2 /* PBXContainerItemProxy */ = {
			isa = PBXContainerItemProxy;
			containerPortal = D1AB95621A58E38400877FB2 /* Project object */;
			proxyType = 1;
			remoteGlobalIDString = D1AB95691A58E38400877FB2;
			remoteInfo = "Lions&Tigers";
		};
/* End PBXContainerItemProxy section */

/* Begin PBXFileReference section */
		D1AB956A1A58E38400877FB2 /* Lions&Tigers.app */ = {isa = PBXFileReference; explicitFileType = wrapper.application; includeInIndex = 0; path = "Lions&Tigers.app"; sourceTree = BUILT_PRODUCTS_DIR; };
		D1AB956E1A58E38400877FB2 /* Info.plist */ = {isa = PBXFileReference; lastKnownFileType = text.plist.xml; path = Info.plist; sourceTree = "<group>"; };
		D1AB956F1A58E38400877FB2 /* AppDelegate.swift */ = {isa = PBXFileReference; lastKnownFileType = sourcecode.swift; path = AppDelegate.swift; sourceTree = "<group>"; };
		D1AB95711A58E38400877FB2 /* ViewController.swift */ = {isa = PBXFileReference; lastKnownFileType = sourcecode.swift; path = ViewController.swift; sourceTree = "<group>"; };
		D1AB95741A58E38400877FB2 /* Base */ = {isa = PBXFileReference; lastKnownFileType = file.storyboard; name = Base; path = Base.lproj/Main.storyboard; sourceTree = "<group>"; };
		D1AB95761A58E38400877FB2 /* Images.xcassets */ = {isa = PBXFileReference; lastKnownFileType = folder.assetcatalog; path = Images.xcassets; sourceTree = "<group>"; };
		D1AB957F1A58E38400877FB2 /* Lions&TigersTests.xctest */ = {isa = PBXFileReference; explicitFileType = wrapper.cfbundle; includeInIndex = 0; path = "Lions&TigersTests.xctest"; sourceTree = BUILT_PRODUCTS_DIR; };
		D1AB95841A58E38400877FB2 /* Info.plist */ = {isa = PBXFileReference; lastKnownFileType = text.plist.xml; path = Info.plist; sourceTree = "<group>"; };
		D1AB95851A58E38400877FB2 /* Lions_TigersTests.swift */ = {isa = PBXFileReference; lastKnownFileType = sourcecode.swift; path = Lions_TigersTests.swift; sourceTree = "<group>"; };
		D1AB958F1A58E3EA00877FB2 /* Tiger.swift */ = {isa = PBXFileReference; fileEncoding = 4; lastKnownFileType = sourcecode.swift; path = Tiger.swift; sourceTree = "<group>"; };
		D1AB95921A58E46200877FB2 /* BengalTiger.jpg */ = {isa = PBXFileReference; lastKnownFileType = image.jpeg; path = BengalTiger.jpg; sourceTree = "<group>"; };
		D1AB95931A58E46200877FB2 /* IndochineseTiger.jpg */ = {isa = PBXFileReference; lastKnownFileType = image.jpeg; path = IndochineseTiger.jpg; sourceTree = "<group>"; };
		D1AB95941A58E46200877FB2 /* Lion.jpg */ = {isa = PBXFileReference; lastKnownFileType = image.jpeg; path = Lion.jpg; sourceTree = "<group>"; };
		D1AB95951A58E46200877FB2 /* LionCub1.jpg */ = {isa = PBXFileReference; lastKnownFileType = image.jpeg; path = LionCub1.jpg; sourceTree = "<group>"; };
		D1AB95961A58E46200877FB2 /* LionCub2.jpeg */ = {isa = PBXFileReference; lastKnownFileType = image.jpeg; path = LionCub2.jpeg; sourceTree = "<group>"; };
		D1AB95971A58E46200877FB2 /* Lioness.jpeg */ = {isa = PBXFileReference; lastKnownFileType = image.jpeg; path = Lioness.jpeg; sourceTree = "<group>"; };
		D1AB95981A58E46200877FB2 /* MalayanTiger.jpg */ = {isa = PBXFileReference; lastKnownFileType = image.jpeg; path = MalayanTiger.jpg; sourceTree = "<group>"; };
		D1AB95991A58E46200877FB2 /* SiberianTiger.jpg */ = {isa = PBXFileReference; lastKnownFileType = image.jpeg; path = SiberianTiger.jpg; sourceTree = "<group>"; };
		D1AB95A21A58EAD500877FB2 /* LaunchScreen.xib */ = {isa = PBXFileReference; fileEncoding = 4; lastKnownFileType = file.xib; path = LaunchScreen.xib; sourceTree = "<group>"; };
		D1AB95A41A58F5AA00877FB2 /* Lion.swift */ = {isa = PBXFileReference; fileEncoding = 4; lastKnownFileType = sourcecode.swift; path = Lion.swift; sourceTree = "<group>"; };
		D1CA4B291A5A1F3600E8DC63 /* LionCub.swift */ = {isa = PBXFileReference; fileEncoding = 4; lastKnownFileType = sourcecode.swift; path = LionCub.swift; sourceTree = "<group>"; };
/* End PBXFileReference section */

/* Begin PBXFrameworksBuildPhase section */
		D1AB95671A58E38400877FB2 /* Frameworks */ = {
			isa = PBXFrameworksBuildPhase;
			buildActionMask = 2147483647;
			files = (
			);
			runOnlyForDeploymentPostprocessing = 0;
		};
		D1AB957C1A58E38400877FB2 /* Frameworks */ = {
			isa = PBXFrameworksBuildPhase;
			buildActionMask = 2147483647;
			files = (
			);
			runOnlyForDeploymentPostprocessing = 0;
		};
/* End PBXFrameworksBuildPhase section */

/* Begin PBXGroup section */
		D1AB95611A58E38400877FB2 = {
			isa = PBXGroup;
			children = (
				D1AB956C1A58E38400877FB2 /* Lions&Tigers */,
				D1AB95821A58E38400877FB2 /* Lions&TigersTests */,
				D1AB956B1A58E38400877FB2 /* Products */,
			);
			sourceTree = "<group>";
		};
		D1AB956B1A58E38400877FB2 /* Products */ = {
			isa = PBXGroup;
			children = (
				D1AB956A1A58E38400877FB2 /* Lions&Tigers.app */,
				D1AB957F1A58E38400877FB2 /* Lions&TigersTests.xctest */,
			);
			name = Products;
			sourceTree = "<group>";
		};
		D1AB956C1A58E38400877FB2 /* Lions&Tigers */ = {
			isa = PBXGroup;
			children = (
				D1AB958F1A58E3EA00877FB2 /* Tiger.swift */,
				D1AB95A41A58F5AA00877FB2 /* Lion.swift */,
				D1AB956F1A58E38400877FB2 /* AppDelegate.swift */,
				D1AB95711A58E38400877FB2 /* ViewController.swift */,
				D1CA4B291A5A1F3600E8DC63 /* LionCub.swift */,
				D1AB95731A58E38400877FB2 /* Main.storyboard */,
				D1AB95761A58E38400877FB2 /* Images.xcassets */,
				D1AB95A21A58EAD500877FB2 /* LaunchScreen.xib */,
				D1AB956D1A58E38400877FB2 /* Supporting Files */,
			);
			path = "Lions&Tigers";
			sourceTree = "<group>";
		};
		D1AB956D1A58E38400877FB2 /* Supporting Files */ = {
			isa = PBXGroup;
			children = (
				D1AB95911A58E46200877FB2 /* LionsAndTigersAssets */,
				D1AB956E1A58E38400877FB2 /* Info.plist */,
			);
			name = "Supporting Files";
			sourceTree = "<group>";
		};
		D1AB95821A58E38400877FB2 /* Lions&TigersTests */ = {
			isa = PBXGroup;
			children = (
				D1AB95851A58E38400877FB2 /* Lions_TigersTests.swift */,
				D1AB95831A58E38400877FB2 /* Supporting Files */,
			);
			path = "Lions&TigersTests";
			sourceTree = "<group>";
		};
		D1AB95831A58E38400877FB2 /* Supporting Files */ = {
			isa = PBXGroup;
			children = (
				D1AB95841A58E38400877FB2 /* Info.plist */,
			);
			name = "Supporting Files";
			sourceTree = "<group>";
		};
		D1AB95911A58E46200877FB2 /* LionsAndTigersAssets */ = {
			isa = PBXGroup;
			children = (
				D1AB95921A58E46200877FB2 /* BengalTiger.jpg */,
				D1AB95931A58E46200877FB2 /* IndochineseTiger.jpg */,
				D1AB95941A58E46200877FB2 /* Lion.jpg */,
				D1AB95951A58E46200877FB2 /* LionCub1.jpg */,
				D1AB95961A58E46200877FB2 /* LionCub2.jpeg */,
				D1AB95971A58E46200877FB2 /* Lioness.jpeg */,
				D1AB95981A58E46200877FB2 /* MalayanTiger.jpg */,
				D1AB95991A58E46200877FB2 /* SiberianTiger.jpg */,
			);
			path = LionsAndTigersAssets;
			sourceTree = "<group>";
		};
/* End PBXGroup section */

/* Begin PBXNativeTarget section */
		D1AB95691A58E38400877FB2 /* Lions&Tigers */ = {
			isa = PBXNativeTarget;
			buildConfigurationList = D1AB95891A58E38400877FB2 /* Build configuration list for PBXNativeTarget "Lions&Tigers" */;
			buildPhases = (
				D1AB95661A58E38400877FB2 /* Sources */,
				D1AB95671A58E38400877FB2 /* Frameworks */,
				D1AB95681A58E38400877FB2 /* Resources */,
			);
			buildRules = (
			);
			dependencies = (
			);
			name = "Lions&Tigers";
			productName = "Lions&Tigers";
			productReference = D1AB956A1A58E38400877FB2 /* Lions&Tigers.app */;
			productType = "com.apple.product-type.application";
		};
		D1AB957E1A58E38400877FB2 /* Lions&TigersTests */ = {
			isa = PBXNativeTarget;
			buildConfigurationList = D1AB958C1A58E38400877FB2 /* Build configuration list for PBXNativeTarget "Lions&TigersTests" */;
			buildPhases = (
				D1AB957B1A58E38400877FB2 /* Sources */,
				D1AB957C1A58E38400877FB2 /* Frameworks */,
				D1AB957D1A58E38400877FB2 /* Resources */,
			);
			buildRules = (
			);
			dependencies = (
				D1AB95811A58E38400877FB2 /* PBXTargetDependency */,
			);
			name = "Lions&TigersTests";
			productName = "Lions&TigersTests";
			productReference = D1AB957F1A58E38400877FB2 /* Lions&TigersTests.xctest */;
			productType = "com.apple.product-type.bundle.unit-test";
		};
/* End PBXNativeTarget section */

/* Begin PBXProject section */
		D1AB95621A58E38400877FB2 /* Project object */ = {
			isa = PBXProject;
			attributes = {
				LastUpgradeCheck = 0610;
				ORGANIZATIONNAME = Vacano;
				TargetAttributes = {
					D1AB95691A58E38400877FB2 = {
						CreatedOnToolsVersion = 6.1.1;
					};
					D1AB957E1A58E38400877FB2 = {
						CreatedOnToolsVersion = 6.1.1;
						TestTargetID = D1AB95691A58E38400877FB2;
					};
				};
			};
			buildConfigurationList = D1AB95651A58E38400877FB2 /* Build configuration list for PBXProject "Lions&Tigers" */;
			compatibilityVersion = "Xcode 3.2";
			developmentRegion = English;
			hasScannedForEncodings = 0;
			knownRegions = (
				en,
				Base,
			);
			mainGroup = D1AB95611A58E38400877FB2;
			productRefGroup = D1AB956B1A58E38400877FB2 /* Products */;
			projectDirPath = "";
			projectRoot = "";
			targets = (
				D1AB95691A58E38400877FB2 /* Lions&Tigers */,
				D1AB957E1A58E38400877FB2 /* Lions&TigersTests */,
			);
		};
/* End PBXProject section */

/* Begin PBXResourcesBuildPhase section */
		D1AB95681A58E38400877FB2 /* Resources */ = {
			isa = PBXResourcesBuildPhase;
			buildActionMask = 2147483647;
			files = (
				D1AB959B1A58E46200877FB2 /* IndochineseTiger.jpg in Resources */,
				D1AB95751A58E38400877FB2 /* Main.storyboard in Resources */,
				D1AB959F1A58E46200877FB2 /* Lioness.jpeg in Resources */,
				D1AB95A31A58EAD500877FB2 /* LaunchScreen.xib in Resources */,
				D1AB959D1A58E46200877FB2 /* LionCub1.jpg in Resources */,
				D1AB95A01A58E46200877FB2 /* MalayanTiger.jpg in Resources */,
				D1AB95A11A58E46200877FB2 /* SiberianTiger.jpg in Resources */,
				D1AB959A1A58E46200877FB2 /* BengalTiger.jpg in Resources */,
				D1AB95771A58E38400877FB2 /* Images.xcassets in Resources */,
				D1AB959C1A58E46200877FB2 /* Lion.jpg in Resources */,
				D1AB959E1A58E46200877FB2 /* LionCub2.jpeg in Resources */,
			);
			runOnlyForDeploymentPostprocessing = 0;
		};
		D1AB957D1A58E38400877FB2 /* Resources */ = {
			isa = PBXResourcesBuildPhase;
			buildActionMask = 2147483647;
			files = (
			);
			runOnlyForDeploymentPostprocessing = 0;
		};
/* End PBXResourcesBuildPhase section */

/* Begin PBXSourcesBuildPhase section */
		D1AB95661A58E38400877FB2 /* Sources */ = {
			isa = PBXSourcesBuildPhase;
			buildActionMask = 2147483647;
			files = (
				D1AB95721A58E38400877FB2 /* ViewController.swift in Sources */,
				D1AB95901A58E3EA00877FB2 /* Tiger.swift in Sources */,
				D1AB95701A58E38400877FB2 /* AppDelegate.swift in Sources */,
				D1CA4B2A1A5A1F3600E8DC63 /* LionCub.swift in Sources */,
				D1AB95A51A58F5AB00877FB2 /* Lion.swift in Sources */,
			);
			runOnlyForDeploymentPostprocessing = 0;
		};
		D1AB957B1A58E38400877FB2 /* Sources */ = {
			isa = PBXSourcesBuildPhase;
			buildActionMask = 2147483647;
			files = (
				D1AB95861A58E38400877FB2 /* Lions_TigersTests.swift in Sources */,
			);
			runOnlyForDeploymentPostprocessing = 0;
		};
/* End PBXSourcesBuildPhase section */

/* Begin PBXTargetDependency section */
		D1AB95811A58E38400877FB2 /* PBXTargetDependency */ = {
			isa = PBXTargetDependency;
			target = D1AB95691A58E38400877FB2 /* Lions&Tigers */;
			targetProxy = D1AB95801A58E38400877FB2 /* PBXContainerItemProxy */;
		};
/* End PBXTargetDependency section */

/* Begin PBXVariantGroup section */
		D1AB95731A58E38400877FB2 /* Main.storyboard */ = {
			isa = PBXVariantGroup;
			children = (
				D1AB95741A58E38400877FB2 /* Base */,
			);
			name = Main.storyboard;
			sourceTree = "<group>";
		};
/* End PBXVariantGroup section */

/* Begin XCBuildConfiguration section */
		D1AB95871A58E38400877FB2 /* Debug */ = {
			isa = XCBuildConfiguration;
			buildSettings = {
				ALWAYS_SEARCH_USER_PATHS = NO;
				CLANG_CXX_LANGUAGE_STANDARD = "gnu++0x";
				CLANG_CXX_LIBRARY = "libc++";
				CLANG_ENABLE_MODULES = YES;
				CLANG_ENABLE_OBJC_ARC = YES;
				CLANG_WARN_BOOL_CONVERSION = YES;
				CLANG_WARN_CONSTANT_CONVERSION = YES;
				CLANG_WARN_DIRECT_OBJC_ISA_USAGE = YES_ERROR;
				CLANG_WARN_EMPTY_BODY = YES;
				CLANG_WARN_ENUM_CONVERSION = YES;
				CLANG_WARN_INT_CONVERSION = YES;
				CLANG_WARN_OBJC_ROOT_CLASS = YES_ERROR;
				CLANG_WARN_UNREACHABLE_CODE = YES;
				CLANG_WARN__DUPLICATE_METHOD_MATCH = YES;
				"CODE_SIGN_IDENTITY[sdk=iphoneos*]" = "iPhone Developer";
				COPY_PHASE_STRIP = NO;
				ENABLE_STRICT_OBJC_MSGSEND = YES;
				GCC_C_LANGUAGE_STANDARD = gnu99;
				GCC_DYNAMIC_NO_PIC = NO;
				GCC_OPTIMIZATION_LEVEL = 0;
				GCC_PREPROCESSOR_DEFINITIONS = (
					"DEBUG=1",
					"$(inherited)",
				);
				GCC_SYMBOLS_PRIVATE_EXTERN = NO;
				GCC_WARN_64_TO_32_BIT_CONVERSION = YES;
				GCC_WARN_ABOUT_RETURN_TYPE = YES_ERROR;
				GCC_WARN_UNDECLARED_SELECTOR = YES;
				GCC_WARN_UNINITIALIZED_AUTOS = YES_AGGRESSIVE;
				GCC_WARN_UNUSED_FUNCTION = YES;
				GCC_WARN_UNUSED_VARIABLE = YES;
				IPHONEOS_DEPLOYMENT_TARGET = 8.1;
				MTL_ENABLE_DEBUG_INFO = YES;
				ONLY_ACTIVE_ARCH = YES;
				SDKROOT = iphoneos;
				SWIFT_OPTIMIZATION_LEVEL = "-Onone";
			};
			name = Debug;
		};
		D1AB95881A58E38400877FB2 /* Release */ = {
			isa = XCBuildConfiguration;
			buildSettings = {
				ALWAYS_SEARCH_USER_PATHS = NO;
				CLANG_CXX_LANGUAGE_STANDARD = "gnu++0x";
				CLANG_CXX_LIBRARY = "libc++";
				CLANG_ENABLE_MODULES = YES;
				CLANG_ENABLE_OBJC_ARC = YES;
				CLANG_WARN_BOOL_CONVERSION = YES;
				CLANG_WARN_CONSTANT_CONVERSION = YES;
				CLANG_WARN_DIRECT_OBJC_ISA_USAGE = YES_ERROR;
				CLANG_WARN_EMPTY_BODY = YES;
				CLANG_WARN_ENUM_CONVERSION = YES;
				CLANG_WARN_INT_CONVERSION = YES;
				CLANG_WARN_OBJC_ROOT_CLASS = YES_ERROR;
				CLANG_WARN_UNREACHABLE_CODE = YES;
				CLANG_WARN__DUPLICATE_METHOD_MATCH = YES;
				"CODE_SIGN_IDENTITY[sdk=iphoneos*]" = "iPhone Developer";
				COPY_PHASE_STRIP = YES;
				ENABLE_NS_ASSERTIONS = NO;
				ENABLE_STRICT_OBJC_MSGSEND = YES;
				GCC_C_LANGUAGE_STANDARD = gnu99;
				GCC_WARN_64_TO_32_BIT_CONVERSION = YES;
				GCC_WARN_ABOUT_RETURN_TYPE = YES_ERROR;
				GCC_WARN_UNDECLARED_SELECTOR = YES;
				GCC_WARN_UNINITIALIZED_AUTOS = YES_AGGRESSIVE;
				GCC_WARN_UNUSED_FUNCTION = YES;
				GCC_WARN_UNUSED_VARIABLE = YES;
				IPHONEOS_DEPLOYMENT_TARGET = 8.1;
				MTL_ENABLE_DEBUG_INFO = NO;
				SDKROOT = iphoneos;
				VALIDATE_PRODUCT = YES;
			};
			name = Release;
		};
		D1AB958A1A58E38400877FB2 /* Debug */ = {
			isa = XCBuildConfiguration;
			buildSettings = {
				ASSETCATALOG_COMPILER_APPICON_NAME = AppIcon;
				INFOPLIST_FILE = "Lions&Tigers/Info.plist";
				LD_RUNPATH_SEARCH_PATHS = "$(inherited) @executable_path/Frameworks";
				PRODUCT_NAME = "$(TARGET_NAME)";
			};
			name = Debug;
		};
		D1AB958B1A58E38400877FB2 /* Release */ = {
			isa = XCBuildConfiguration;
			buildSettings = {
				ASSETCATALOG_COMPILER_APPICON_NAME = AppIcon;
				INFOPLIST_FILE = "Lions&Tigers/Info.plist";
				LD_RUNPATH_SEARCH_PATHS = "$(inherited) @executable_path/Frameworks";
				PRODUCT_NAME = "$(TARGET_NAME)";
			};
			name = Release;
		};
		D1AB958D1A58E38400877FB2 /* Debug */ = {
			isa = XCBuildConfiguration;
			buildSettings = {
				BUNDLE_LOADER = "$(TEST_HOST)";
				FRAMEWORK_SEARCH_PATHS = (
					"$(SDKROOT)/Developer/Library/Frameworks",
					"$(inherited)",
				);
				GCC_PREPROCESSOR_DEFINITIONS = (
					"DEBUG=1",
					"$(inherited)",
				);
				INFOPLIST_FILE = "Lions&TigersTests/Info.plist";
				LD_RUNPATH_SEARCH_PATHS = "$(inherited) @executable_path/Frameworks @loader_path/Frameworks";
				PRODUCT_NAME = "$(TARGET_NAME)";
				TEST_HOST = "$(BUILT_PRODUCTS_DIR)/Lions&Tigers.app/Lions&Tigers";
			};
			name = Debug;
		};
		D1AB958E1A58E38400877FB2 /* Release */ = {
			isa = XCBuildConfiguration;
			buildSettings = {
				BUNDLE_LOADER = "$(TEST_HOST)";
				FRAMEWORK_SEARCH_PATHS = (
					"$(SDKROOT)/Developer/Library/Frameworks",
					"$(inherited)",
				);
				INFOPLIST_FILE = "Lions&TigersTests/Info.plist";
				LD_RUNPATH_SEARCH_PATHS = "$(inherited) @executable_path/Frameworks @loader_path/Frameworks";
				PRODUCT_NAME = "$(TARGET_NAME)";
				TEST_HOST = "$(BUILT_PRODUCTS_DIR)/Lions&Tigers.app/Lions&Tigers";
			};
			name = Release;
		};
/* End XCBuildConfiguration section */

/* Begin XCConfigurationList section */
		D1AB95651A58E38400877FB2 /* Build configuration list for PBXProject "Lions&Tigers" */ = {
			isa = XCConfigurationList;
			buildConfigurations = (
				D1AB95871A58E38400877FB2 /* Debug */,
				D1AB95881A58E38400877FB2 /* Release */,
			);
			defaultConfigurationIsVisible = 0;
			defaultConfigurationName = Release;
		};
		D1AB95891A58E38400877FB2 /* Build configuration list for PBXNativeTarget "Lions&Tigers" */ = {
			isa = XCConfigurationList;
			buildConfigurations = (
				D1AB958A1A58E38400877FB2 /* Debug */,
				D1AB958B1A58E38400877FB2 /* Release */,
			);
			defaultConfigurationIsVisible = 0;
			defaultConfigurationName = Release;
		};
		D1AB958C1A58E38400877FB2 /* Build configuration list for PBXNativeTarget "Lions&TigersTests" */ = {
			isa = XCConfigurationList;
			buildConfigurations = (
				D1AB958D1A58E38400877FB2 /* Debug */,
				D1AB958E1A58E38400877FB2 /* Release */,
			);
			defaultConfigurationIsVisible = 0;
			defaultConfigurationName = Release;
		};
/* End XCConfigurationList section */
	};
	rootObject = D1AB95621A58E38400877FB2 /* Project object */;
}
